// !$*UTF8*$!
{
	archiveVersion = 1;
	classes = {
	};
	objectVersion = 46;
	objects = {

/* Begin PBXBuildFile section */
		BC3933BF1EC99ACF00D682E1 /* AppDelegate.swift in Sources */ = {isa = PBXBuildFile; fileRef = BC3933BE1EC99ACF00D682E1 /* AppDelegate.swift */; };
		BC3933C11EC99ACF00D682E1 /* ViewController.swift in Sources */ = {isa = PBXBuildFile; fileRef = BC3933C01EC99ACF00D682E1 /* ViewController.swift */; };
		BC3933C41EC99ACF00D682E1 /* Main.storyboard in Resources */ = {isa = PBXBuildFile; fileRef = BC3933C21EC99ACF00D682E1 /* Main.storyboard */; };
		BC3933C61EC99ACF00D682E1 /* Assets.xcassets in Resources */ = {isa = PBXBuildFile; fileRef = BC3933C51EC99ACF00D682E1 /* Assets.xcassets */; };
		BC3933C91EC99ACF00D682E1 /* LaunchScreen.storyboard in Resources */ = {isa = PBXBuildFile; fileRef = BC3933C71EC99ACF00D682E1 /* LaunchScreen.storyboard */; };
		BC3933D41EC99ACF00D682E1 /* ios_login_stackview_demoTests.swift in Sources */ = {isa = PBXBuildFile; fileRef = BC3933D31EC99ACF00D682E1 /* ios_login_stackview_demoTests.swift */; };
/* End PBXBuildFile section */

/* Begin PBXContainerItemProxy section */
		BC3933D01EC99ACF00D682E1 /* PBXContainerItemProxy */ = {
			isa = PBXContainerItemProxy;
			containerPortal = BC3933B31EC99ACF00D682E1 /* Project object */;
			proxyType = 1;
			remoteGlobalIDString = BC3933BA1EC99ACF00D682E1;
			remoteInfo = "ios-login-stackview-demo";
		};
/* End PBXContainerItemProxy section */

/* Begin PBXFileReference section */
		BC3933BB1EC99ACF00D682E1 /* ios-login-stackview-demo.app */ = {isa = PBXFileReference; explicitFileType = wrapper.application; includeInIndex = 0; path = "ios-login-stackview-demo.app"; sourceTree = BUILT_PRODUCTS_DIR; };
		BC3933BE1EC99ACF00D682E1 /* AppDelegate.swift */ = {isa = PBXFileReference; lastKnownFileType = sourcecode.swift; path = AppDelegate.swift; sourceTree = "<group>"; };
		BC3933C01EC99ACF00D682E1 /* ViewController.swift */ = {isa = PBXFileReference; lastKnownFileType = sourcecode.swift; path = ViewController.swift; sourceTree = "<group>"; };
		BC3933C31EC99ACF00D682E1 /* Base */ = {isa = PBXFileReference; lastKnownFileType = file.storyboard; name = Base; path = Base.lproj/Main.storyboard; sourceTree = "<group>"; };
		BC3933C51EC99ACF00D682E1 /* Assets.xcassets */ = {isa = PBXFileReference; lastKnownFileType = folder.assetcatalog; path = Assets.xcassets; sourceTree = "<group>"; };
		BC3933C81EC99ACF00D682E1 /* Base */ = {isa = PBXFileReference; lastKnownFileType = file.storyboard; name = Base; path = Base.lproj/LaunchScreen.storyboard; sourceTree = "<group>"; };
		BC3933CA1EC99ACF00D682E1 /* Info.plist */ = {isa = PBXFileReference; lastKnownFileType = text.plist.xml; path = Info.plist; sourceTree = "<group>"; };
		BC3933CF1EC99ACF00D682E1 /* ios-login-stackview-demoTests.xctest */ = {isa = PBXFileReference; explicitFileType = wrapper.cfbundle; includeInIndex = 0; path = "ios-login-stackview-demoTests.xctest"; sourceTree = BUILT_PRODUCTS_DIR; };
		BC3933D31EC99ACF00D682E1 /* ios_login_stackview_demoTests.swift */ = {isa = PBXFileReference; lastKnownFileType = sourcecode.swift; path = ios_login_stackview_demoTests.swift; sourceTree = "<group>"; };
		BC3933D51EC99ACF00D682E1 /* Info.plist */ = {isa = PBXFileReference; lastKnownFileType = text.plist.xml; path = Info.plist; sourceTree = "<group>"; };
/* End PBXFileReference section */

/* Begin PBXFrameworksBuildPhase section */
		BC3933B81EC99ACF00D682E1 /* Frameworks */ = {
			isa = PBXFrameworksBuildPhase;
			buildActionMask = 2147483647;
			files = (
			);
			runOnlyForDeploymentPostprocessing = 0;
		};
		BC3933CC1EC99ACF00D682E1 /* Frameworks */ = {
			isa = PBXFrameworksBuildPhase;
			buildActionMask = 2147483647;
			files = (
			);
			runOnlyForDeploymentPostprocessing = 0;
		};
/* End PBXFrameworksBuildPhase section */

/* Begin PBXGroup section */
		BC3933B21EC99ACF00D682E1 = {
			isa = PBXGroup;
			children = (
				BC3933BD1EC99ACF00D682E1 /* ios-login-stackview-demo */,
				BC3933D21EC99ACF00D682E1 /* ios-login-stackview-demoTests */,
				BC3933BC1EC99ACF00D682E1 /* Products */,
			);
			sourceTree = "<group>";
		};
		BC3933BC1EC99ACF00D682E1 /* Products */ = {
			isa = PBXGroup;
			children = (
				BC3933BB1EC99ACF00D682E1 /* ios-login-stackview-demo.app */,
				BC3933CF1EC99ACF00D682E1 /* ios-login-stackview-demoTests.xctest */,
			);
			name = Products;
			sourceTree = "<group>";
		};
		BC3933BD1EC99ACF00D682E1 /* ios-login-stackview-demo */ = {
			isa = PBXGroup;
			children = (
				BC3933BE1EC99ACF00D682E1 /* AppDelegate.swift */,
				BC3933C01EC99ACF00D682E1 /* ViewController.swift */,
				BC3933C21EC99ACF00D682E1 /* Main.storyboard */,
				BC3933C51EC99ACF00D682E1 /* Assets.xcassets */,
				BC3933C71EC99ACF00D682E1 /* LaunchScreen.storyboard */,
				BC3933CA1EC99ACF00D682E1 /* Info.plist */,
			);
			path = "ios-login-stackview-demo";
			sourceTree = "<group>";
		};
		BC3933D21EC99ACF00D682E1 /* ios-login-stackview-demoTests */ = {
			isa = PBXGroup;
			children = (
				BC3933D31EC99ACF00D682E1 /* ios_login_stackview_demoTests.swift */,
				BC3933D51EC99ACF00D682E1 /* Info.plist */,
			);
			path = "ios-login-stackview-demoTests";
			sourceTree = "<group>";
		};
/* End PBXGroup section */

/* Begin PBXNativeTarget section */
		BC3933BA1EC99ACF00D682E1 /* ios-login-stackview-demo */ = {
			isa = PBXNativeTarget;
			buildConfigurationList = BC3933D81EC99ACF00D682E1 /* Build configuration list for PBXNativeTarget "ios-login-stackview-demo" */;
			buildPhases = (
				BC3933B71EC99ACF00D682E1 /* Sources */,
				BC3933B81EC99ACF00D682E1 /* Frameworks */,
				BC3933B91EC99ACF00D682E1 /* Resources */,
			);
			buildRules = (
			);
			dependencies = (
			);
			name = "ios-login-stackview-demo";
			productName = "ios-login-stackview-demo";
			productReference = BC3933BB1EC99ACF00D682E1 /* ios-login-stackview-demo.app */;
			productType = "com.apple.product-type.application";
		};
		BC3933CE1EC99ACF00D682E1 /* ios-login-stackview-demoTests */ = {
			isa = PBXNativeTarget;
			buildConfigurationList = BC3933DB1EC99ACF00D682E1 /* Build configuration list for PBXNativeTarget "ios-login-stackview-demoTests" */;
			buildPhases = (
				BC3933CB1EC99ACF00D682E1 /* Sources */,
				BC3933CC1EC99ACF00D682E1 /* Frameworks */,
				BC3933CD1EC99ACF00D682E1 /* Resources */,
			);
			buildRules = (
			);
			dependencies = (
				BC3933D11EC99ACF00D682E1 /* PBXTargetDependency */,
			);
			name = "ios-login-stackview-demoTests";
			productName = "ios-login-stackview-demoTests";
			productReference = BC3933CF1EC99ACF00D682E1 /* ios-login-stackview-demoTests.xctest */;
			productType = "com.apple.product-type.bundle.unit-test";
		};
/* End PBXNativeTarget section */

/* Begin PBXProject section */
		BC3933B31EC99ACF00D682E1 /* Project object */ = {
			isa = PBXProject;
			attributes = {
				LastSwiftUpdateCheck = 0830;
				LastUpgradeCheck = 0830;
				ORGANIZATIONNAME = "Eiji Kushida";
				TargetAttributes = {
					BC3933BA1EC99ACF00D682E1 = {
						CreatedOnToolsVersion = 8.3.2;
						ProvisioningStyle = Automatic;
					};
					BC3933CE1EC99ACF00D682E1 = {
						CreatedOnToolsVersion = 8.3.2;
						ProvisioningStyle = Automatic;
						TestTargetID = BC3933BA1EC99ACF00D682E1;
					};
				};
			};
			buildConfigurationList = BC3933B61EC99ACF00D682E1 /* Build configuration list for PBXProject "ios-login-stackview-demo" */;
			compatibilityVersion = "Xcode 3.2";
			developmentRegion = English;
			hasScannedForEncodings = 0;
			knownRegions = (
				en,
				Base,
			);
			mainGroup = BC3933B21EC99ACF00D682E1;
			productRefGroup = BC3933BC1EC99ACF00D682E1 /* Products */;
			projectDirPath = "";
			projectRoot = "";
			targets = (
				BC3933BA1EC99ACF00D682E1 /* ios-login-stackview-demo */,
				BC3933CE1EC99ACF00D682E1 /* ios-login-stackview-demoTests */,
			);
		};
/* End PBXProject section */

/* Begin PBXResourcesBuildPhase section */
		BC3933B91EC99ACF00D682E1 /* Resources */ = {
			isa = PBXResourcesBuildPhase;
			buildActionMask = 2147483647;
			files = (
				BC3933C91EC99ACF00D682E1 /* LaunchScreen.storyboard in Resources */,
				BC3933C61EC99ACF00D682E1 /* Assets.xcassets in Resources */,
				BC3933C41EC99ACF00D682E1 /* Main.storyboard in Resources */,
			);
			runOnlyForDeploymentPostprocessing = 0;
		};
		BC3933CD1EC99ACF00D682E1 /* Resources */ = {
			isa = PBXResourcesBuildPhase;
			buildActionMask = 2147483647;
			files = (
			);
			runOnlyForDeploymentPostprocessing = 0;
		};
/* End PBXResourcesBuildPhase section */

/* Begin PBXSourcesBuildPhase section */
		BC3933B71EC99ACF00D682E1 /* Sources */ = {
			isa = PBXSourcesBuildPhase;
			buildActionMask = 2147483647;
			files = (
				BC3933C11EC99ACF00D682E1 /* ViewController.swift in Sources */,
				BC3933BF1EC99ACF00D682E1 /* AppDelegate.swift in Sources */,
			);
			runOnlyForDeploymentPostprocessing = 0;
		};
		BC3933CB1EC99ACF00D682E1 /* Sources */ = {
			isa = PBXSourcesBuildPhase;
			buildActionMask = 2147483647;
			files = (
				BC3933D41EC99ACF00D682E1 /* ios_login_stackview_demoTests.swift in Sources */,
			);
			runOnlyForDeploymentPostprocessing = 0;
		};
/* End PBXSourcesBuildPhase section */

/* Begin PBXTargetDependency section */
		BC3933D11EC99ACF00D682E1 /* PBXTargetDependency */ = {
			isa = PBXTargetDependency;
			target = BC3933BA1EC99ACF00D682E1 /* ios-login-stackview-demo */;
			targetProxy = BC3933D01EC99ACF00D682E1 /* PBXContainerItemProxy */;
		};
/* End PBXTargetDependency section */

/* Begin PBXVariantGroup section */
		BC3933C21EC99ACF00D682E1 /* Main.storyboard */ = {
			isa = PBXVariantGroup;
			children = (
				BC3933C31EC99ACF00D682E1 /* Base */,
			);
			name = Main.storyboard;
			sourceTree = "<group>";
		};
		BC3933C71EC99ACF00D682E1 /* LaunchScreen.storyboard */ = {
			isa = PBXVariantGroup;
			children = (
				BC3933C81EC99ACF00D682E1 /* Base */,
			);
			name = LaunchScreen.storyboard;
			sourceTree = "<group>";
		};
/* End PBXVariantGroup section */

/* Begin XCBuildConfiguration section */
		BC3933D61EC99ACF00D682E1 /* Debug */ = {
			isa = XCBuildConfiguration;
			buildSettings = {
				ALWAYS_SEARCH_USER_PATHS = NO;
				CLANG_ANALYZER_NONNULL = YES;
				CLANG_ANALYZER_NUMBER_OBJECT_CONVERSION = YES_AGGRESSIVE;
				CLANG_CXX_LANGUAGE_STANDARD = "gnu++0x";
				CLANG_CXX_LIBRARY = "libc++";
				CLANG_ENABLE_MODULES = YES;
				CLANG_ENABLE_OBJC_ARC = YES;
				CLANG_WARN_BOOL_CONVERSION = YES;
				CLANG_WARN_CONSTANT_CONVERSION = YES;
				CLANG_WARN_DIRECT_OBJC_ISA_USAGE = YES_ERROR;
				CLANG_WARN_DOCUMENTATION_COMMENTS = YES;
				CLANG_WARN_EMPTY_BODY = YES;
				CLANG_WARN_ENUM_CONVERSION = YES;
				CLANG_WARN_INFINITE_RECURSION = YES;
				CLANG_WARN_INT_CONVERSION = YES;
				CLANG_WARN_OBJC_ROOT_CLASS = YES_ERROR;
				CLANG_WARN_SUSPICIOUS_MOVE = YES;
				CLANG_WARN_UNREACHABLE_CODE = YES;
				CLANG_WARN__DUPLICATE_METHOD_MATCH = YES;
				"CODE_SIGN_IDENTITY[sdk=iphoneos*]" = "iPhone Developer";
				COPY_PHASE_STRIP = NO;
				DEBUG_INFORMATION_FORMAT = dwarf;
				ENABLE_STRICT_OBJC_MSGSEND = YES;
				ENABLE_TESTABILITY = YES;
				GCC_C_LANGUAGE_STANDARD = gnu99;
				GCC_DYNAMIC_NO_PIC = NO;
				GCC_NO_COMMON_BLOCKS = YES;
				GCC_OPTIMIZATION_LEVEL = 0;
				GCC_PREPROCESSOR_DEFINITIONS = (
					"DEBUG=1",
					"$(inherited)",
				);
				GCC_WARN_64_TO_32_BIT_CONVERSION = YES;
				GCC_WARN_ABOUT_RETURN_TYPE = YES_ERROR;
				GCC_WARN_UNDECLARED_SELECTOR = YES;
				GCC_WARN_UNINITIALIZED_AUTOS = YES_AGGRESSIVE;
				GCC_WARN_UNUSED_FUNCTION = YES;
				GCC_WARN_UNUSED_VARIABLE = YES;
				IPHONEOS_DEPLOYMENT_TARGET = 10.3;
				MTL_ENABLE_DEBUG_INFO = YES;
				ONLY_ACTIVE_ARCH = YES;
				SDKROOT = iphoneos;
				SWIFT_ACTIVE_COMPILATION_CONDITIONS = DEBUG;
				SWIFT_OPTIMIZATION_LEVEL = "-Onone";
			};
			name = Debug;
		};
		BC3933D71EC99ACF00D682E1 /* Release */ = {
			isa = XCBuildConfiguration;
			buildSettings = {
				ALWAYS_SEARCH_USER_PATHS = NO;
				CLANG_ANALYZER_NONNULL = YES;
				CLANG_ANALYZER_NUMBER_OBJECT_CONVERSION = YES_AGGRESSIVE;
				CLANG_CXX_LANGUAGE_STANDARD = "gnu++0x";
				CLANG_CXX_LIBRARY = "libc++";
				CLANG_ENABLE_MODULES = YES;
				CLANG_ENABLE_OBJC_ARC = YES;
				CLANG_WARN_BOOL_CONVERSION = YES;
				CLANG_WARN_CONSTANT_CONVERSION = YES;
				CLANG_WARN_DIRECT_OBJC_ISA_USAGE = YES_ERROR;
				CLANG_WARN_DOCUMENTATION_COMMENTS = YES;
				CLANG_WARN_EMPTY_BODY = YES;
				CLANG_WARN_ENUM_CONVERSION = YES;
				CLANG_WARN_INFINITE_RECURSION = YES;
				CLANG_WARN_INT_CONVERSION = YES;
				CLANG_WARN_OBJC_ROOT_CLASS = YES_ERROR;
				CLANG_WARN_SUSPICIOUS_MOVE = YES;
				CLANG_WARN_UNREACHABLE_CODE = YES;
				CLANG_WARN__DUPLICATE_METHOD_MATCH = YES;
				"CODE_SIGN_IDENTITY[sdk=iphoneos*]" = "iPhone Developer";
				COPY_PHASE_STRIP = NO;
				DEBUG_INFORMATION_FORMAT = "dwarf-with-dsym";
				ENABLE_NS_ASSERTIONS = NO;
				ENABLE_STRICT_OBJC_MSGSEND = YES;
				GCC_C_LANGUAGE_STANDARD = gnu99;
				GCC_NO_COMMON_BLOCKS = YES;
				GCC_WARN_64_TO_32_BIT_CONVERSION = YES;
				GCC_WARN_ABOUT_RETURN_TYPE = YES_ERROR;
				GCC_WARN_UNDECLARED_SELECTOR = YES;
				GCC_WARN_UNINITIALIZED_AUTOS = YES_AGGRESSIVE;
				GCC_WARN_UNUSED_FUNCTION = YES;
				GCC_WARN_UNUSED_VARIABLE = YES;
				IPHONEOS_DEPLOYMENT_TARGET = 10.3;
				MTL_ENABLE_DEBUG_INFO = NO;
				SDKROOT = iphoneos;
				SWIFT_OPTIMIZATION_LEVEL = "-Owholemodule";
				VALIDATE_PRODUCT = YES;
			};
			name = Release;
		};
		BC3933D91EC99ACF00D682E1 /* Debug */ = {
			isa = XCBuildConfiguration;
			buildSettings = {
				ASSETCATALOG_COMPILER_APPICON_NAME = AppIcon;
				INFOPLIST_FILE = "ios-login-stackview-demo/Info.plist";
				LD_RUNPATH_SEARCH_PATHS = "$(inherited) @executable_path/Frameworks";
				PRODUCT_BUNDLE_IDENTIFIER = "jp.st-ventures.ios-login-stackview-demo";
				PRODUCT_NAME = "$(TARGET_NAME)";
				SWIFT_VERSION = 3.0;
			};
			name = Debug;
		};
		BC3933DA1EC99ACF00D682E1 /* Release */ = {
			isa = XCBuildConfiguration;
			buildSettings = {
				ASSETCATALOG_COMPILER_APPICON_NAME = AppIcon;
				INFOPLIST_FILE = "ios-login-stackview-demo/Info.plist";
				LD_RUNPATH_SEARCH_PATHS = "$(inherited) @executable_path/Frameworks";
				PRODUCT_BUNDLE_IDENTIFIER = "jp.st-ventures.ios-login-stackview-demo";
				PRODUCT_NAME = "$(TARGET_NAME)";
				SWIFT_VERSION = 3.0;
			};
			name = Release;
		};
		BC3933DC1EC99ACF00D682E1 /* Debug */ = {
			isa = XCBuildConfiguration;
			buildSettings = {
				ALWAYS_EMBED_SWIFT_STANDARD_LIBRARIES = YES;
				BUNDLE_LOADER = "$(TEST_HOST)";
				INFOPLIST_FILE = "ios-login-stackview-demoTests/Info.plist";
				LD_RUNPATH_SEARCH_PATHS = "$(inherited) @executable_path/Frameworks @loader_path/Frameworks";
				PRODUCT_BUNDLE_IDENTIFIER = "jp.st-ventures.ios-login-stackview-demoTests";
				PRODUCT_NAME = "$(TARGET_NAME)";
				SWIFT_VERSION = 3.0;
				TEST_HOST = "$(BUILT_PRODUCTS_DIR)/ios-login-stackview-demo.app/ios-login-stackview-demo";
			};
			name = Debug;
		};
		BC3933DD1EC99ACF00D682E1 /* Release */ = {
			isa = XCBuildConfiguration;
			buildSettings = {
				ALWAYS_EMBED_SWIFT_STANDARD_LIBRARIES = YES;
				BUNDLE_LOADER = "$(TEST_HOST)";
				INFOPLIST_FILE = "ios-login-stackview-demoTests/Info.plist";
				LD_RUNPATH_SEARCH_PATHS = "$(inherited) @executable_path/Frameworks @loader_path/Frameworks";
				PRODUCT_BUNDLE_IDENTIFIER = "jp.st-ventures.ios-login-stackview-demoTests";
				PRODUCT_NAME = "$(TARGET_NAME)";
				SWIFT_VERSION = 3.0;
				TEST_HOST = "$(BUILT_PRODUCTS_DIR)/ios-login-stackview-demo.app/ios-login-stackview-demo";
			};
			name = Release;
		};
/* End XCBuildConfiguration section */

/* Begin XCConfigurationList section */
		BC3933B61EC99ACF00D682E1 /* Build configuration list for PBXProject "ios-login-stackview-demo" */ = {
			isa = XCConfigurationList;
			buildConfigurations = (
				BC3933D61EC99ACF00D682E1 /* Debug */,
				BC3933D71EC99ACF00D682E1 /* Release */,
			);
			defaultConfigurationIsVisible = 0;
			defaultConfigurationName = Release;
		};
		BC3933D81EC99ACF00D682E1 /* Build configuration list for PBXNativeTarget "ios-login-stackview-demo" */ = {
			isa = XCConfigurationList;
			buildConfigurations = (
				BC3933D91EC99ACF00D682E1 /* Debug */,
				BC3933DA1EC99ACF00D682E1 /* Release */,
			);
			defaultConfigurationIsVisible = 0;
		};
		BC3933DB1EC99ACF00D682E1 /* Build configuration list for PBXNativeTarget "ios-login-stackview-demoTests" */ = {
			isa = XCConfigurationList;
			buildConfigurations = (
				BC3933DC1EC99ACF00D682E1 /* Debug */,
				BC3933DD1EC99ACF00D682E1 /* Release */,
			);
			defaultConfigurationIsVisible = 0;
		};
/* End XCConfigurationList section */
	};
	rootObject = BC3933B31EC99ACF00D682E1 /* Project object */;
}
